
Microsoft Visual Studio Solution File, Format Version 12.00
# Visual Studio Version 17
VisualStudioVersion = 17.6.33815.320
MinimumVisualStudioVersion = 10.0.40219.1
Project("{FAE04EC0-301F-11D3-BF4B-00C04F79EFBC}") = "Ca1", "Ca1.csproj", "{497A95AA-E6CF-4269-AE16-F2228FDFBCCB}"
EndProject
Global
	GlobalSection(SolutionConfigurationPlatforms) = preSolution
		Debug|Any CPU = Debug|Any CPU
		Release|Any CPU = Release|Any CPU
	EndGlobalSection
	GlobalSection(ProjectConfigurationPlatforms) = postSolution
		{497A95AA-E6CF-4269-AE16-F2228FDFBCCB}.Debug|Any CPU.ActiveCfg = Debug|Any CPU
		{497A95AA-E6CF-4269-AE16-F2228FDFBCCB}.Debug|Any CPU.Build.0 = Debug|Any CPU
		{497A95AA-E6CF-4269-AE16-F2228FDFBCCB}.Release|Any CPU.ActiveCfg = Release|Any CPU
		{497A95AA-E6CF-4269-AE16-F2228FDFBCCB}.Release|Any CPU.Build.0 = Release|Any CPU
	EndGlobalSection
	GlobalSection(SolutionProperties) = preSolution
		HideSolutionNode = FALSE
	EndGlobalSection
	GlobalSection(ExtensibilityGlobals) = postSolution
		SolutionGuid = {8AE73AE1-B2E4-4C2F-8D27-621B417C584C}
	EndGlobalSection
EndGlobal
